
Microsoft Visual Studio Solution File, Format Version 12.00
# Visual Studio Version 16
VisualStudioVersion = 16.0.30804.86
MinimumVisualStudioVersion = 10.0.40219.1
Project("{FAE04EC0-301F-11D3-BF4B-00C04F79EFBC}") = "ArrayReverse", "ArrayReverse\ArrayReverse.csproj", "{808105B9-7BD5-4552-97AD-A15A9C3A8AA9}"
EndProject
Global
	GlobalSection(SolutionConfigurationPlatforms) = preSolution
		Debug|Any CPU = Debug|Any CPU
		Release|Any CPU = Release|Any CPU
	EndGlobalSection
	GlobalSection(ProjectConfigurationPlatforms) = postSolution
		{808105B9-7BD5-4552-97AD-A15A9C3A8AA9}.Debug|Any CPU.ActiveCfg = Debug|Any CPU
		{808105B9-7BD5-4552-97AD-A15A9C3A8AA9}.Debug|Any CPU.Build.0 = Debug|Any CPU
		{808105B9-7BD5-4552-97AD-A15A9C3A8AA9}.Release|Any CPU.ActiveCfg = Release|Any CPU
		{808105B9-7BD5-4552-97AD-A15A9C3A8AA9}.Release|Any CPU.Build.0 = Release|Any CPU
	EndGlobalSection
	GlobalSection(SolutionProperties) = preSolution
		HideSolutionNode = FALSE
	EndGlobalSection
	GlobalSection(ExtensibilityGlobals) = postSolution
		SolutionGuid = {3C2A2614-AAB4-47AC-B0FA-58E039138B5D}
	EndGlobalSection
EndGlobal
