
Microsoft Visual Studio Solution File, Format Version 12.00
# Visual Studio Version 16
VisualStudioVersion = 16.0.30804.86
MinimumVisualStudioVersion = 10.0.40219.1
Project("{FAE04EC0-301F-11D3-BF4B-00C04F79EFBC}") = "ArrayShift", "ArrayShift\ArrayShift.csproj", "{A1BE892A-02C3-4427-AC32-6C316AC0538E}"
EndProject
Global
	GlobalSection(SolutionConfigurationPlatforms) = preSolution
		Debug|Any CPU = Debug|Any CPU
		Release|Any CPU = Release|Any CPU
	EndGlobalSection
	GlobalSection(ProjectConfigurationPlatforms) = postSolution
		{A1BE892A-02C3-4427-AC32-6C316AC0538E}.Debug|Any CPU.ActiveCfg = Debug|Any CPU
		{A1BE892A-02C3-4427-AC32-6C316AC0538E}.Debug|Any CPU.Build.0 = Debug|Any CPU
		{A1BE892A-02C3-4427-AC32-6C316AC0538E}.Release|Any CPU.ActiveCfg = Release|Any CPU
		{A1BE892A-02C3-4427-AC32-6C316AC0538E}.Release|Any CPU.Build.0 = Release|Any CPU
	EndGlobalSection
	GlobalSection(SolutionProperties) = preSolution
		HideSolutionNode = FALSE
	EndGlobalSection
	GlobalSection(ExtensibilityGlobals) = postSolution
		SolutionGuid = {9B20C7B5-7AA9-4560-8F16-E29334A14ED8}
	EndGlobalSection
EndGlobal
